
Microsoft Visual Studio Solution File, Format Version 12.00
# Visual Studio 15
VisualStudioVersion = 15.0.28307.1000
MinimumVisualStudioVersion = 10.0.40219.1
Project("{FAE04EC0-301F-11D3-BF4B-00C04F79EFBC}") = "SimpleCrawler", "SimpleCrawler\SimpleCrawler.csproj", "{0BD5614A-3820-433B-93B4-08A37C984A3A}"
EndProject
Project("{FAE04EC0-301F-11D3-BF4B-00C04F79EFBC}") = "FrmCrawler", "FrmCrawler\FrmCrawler.csproj", "{3C8F3196-A99C-4322-8E16-806E3F354F84}"
EndProject
Project("{FAE04EC0-301F-11D3-BF4B-00C04F79EFBC}") = "frmParallelCrawl", "frmParallelCrawl\frmParallelCrawl.csproj", "{2B6DFC90-0889-4657-85F7-A2AAFE5100FA}"
EndProject
Global
	GlobalSection(SolutionConfigurationPlatforms) = preSolution
		Debug|Any CPU = Debug|Any CPU
		Release|Any CPU = Release|Any CPU
	EndGlobalSection
	GlobalSection(ProjectConfigurationPlatforms) = postSolution
		{0BD5614A-3820-433B-93B4-08A37C984A3A}.Debug|Any CPU.ActiveCfg = Debug|Any CPU
		{0BD5614A-3820-433B-93B4-08A37C984A3A}.Debug|Any CPU.Build.0 = Debug|Any CPU
		{0BD5614A-3820-433B-93B4-08A37C984A3A}.Release|Any CPU.ActiveCfg = Release|Any CPU
		{0BD5614A-3820-433B-93B4-08A37C984A3A}.Release|Any CPU.Build.0 = Release|Any CPU
		{3C8F3196-A99C-4322-8E16-806E3F354F84}.Debug|Any CPU.ActiveCfg = Debug|Any CPU
		{3C8F3196-A99C-4322-8E16-806E3F354F84}.Debug|Any CPU.Build.0 = Debug|Any CPU
		{3C8F3196-A99C-4322-8E16-806E3F354F84}.Release|Any CPU.ActiveCfg = Release|Any CPU
		{3C8F3196-A99C-4322-8E16-806E3F354F84}.Release|Any CPU.Build.0 = Release|Any CPU
		{2B6DFC90-0889-4657-85F7-A2AAFE5100FA}.Debug|Any CPU.ActiveCfg = Debug|Any CPU
		{2B6DFC90-0889-4657-85F7-A2AAFE5100FA}.Debug|Any CPU.Build.0 = Debug|Any CPU
		{2B6DFC90-0889-4657-85F7-A2AAFE5100FA}.Release|Any CPU.ActiveCfg = Release|Any CPU
		{2B6DFC90-0889-4657-85F7-A2AAFE5100FA}.Release|Any CPU.Build.0 = Release|Any CPU
	EndGlobalSection
	GlobalSection(SolutionProperties) = preSolution
		HideSolutionNode = FALSE
	EndGlobalSection
	GlobalSection(ExtensibilityGlobals) = postSolution
		SolutionGuid = {2D2BE4A1-6AE4-4767-A75F-D1A6210D2B86}
	EndGlobalSection
EndGlobal
